
Microsoft Visual Studio Solution File, Format Version 12.00
# Visual Studio Version 17
VisualStudioVersion = 17.0.32126.317
MinimumVisualStudioVersion = 10.0.40219.1
Project("{FAE04EC0-301F-11D3-BF4B-00C04F79EFBC}") = "lab4cellularAutomatons2D", "lab4cellularAutomatons2D\lab4cellularAutomatons2D.csproj", "{3D68E8E2-9CC4-45C8-932F-2298661569F9}"
EndProject
Global
	GlobalSection(SolutionConfigurationPlatforms) = preSolution
		Debug|Any CPU = Debug|Any CPU
		Release|Any CPU = Release|Any CPU
	EndGlobalSection
	GlobalSection(ProjectConfigurationPlatforms) = postSolution
		{3D68E8E2-9CC4-45C8-932F-2298661569F9}.Debug|Any CPU.ActiveCfg = Debug|Any CPU
		{3D68E8E2-9CC4-45C8-932F-2298661569F9}.Debug|Any CPU.Build.0 = Debug|Any CPU
		{3D68E8E2-9CC4-45C8-932F-2298661569F9}.Release|Any CPU.ActiveCfg = Release|Any CPU
		{3D68E8E2-9CC4-45C8-932F-2298661569F9}.Release|Any CPU.Build.0 = Release|Any CPU
	EndGlobalSection
	GlobalSection(SolutionProperties) = preSolution
		HideSolutionNode = FALSE
	EndGlobalSection
	GlobalSection(ExtensibilityGlobals) = postSolution
		SolutionGuid = {A1F03B62-828E-49E5-8BAA-EDD247B90449}
	EndGlobalSection
EndGlobal
